
Microsoft Visual Studio Solution File, Format Version 12.00
# Visual Studio 14
VisualStudioVersion = 14.0.24720.0
MinimumVisualStudioVersion = 10.0.40219.1
Project("{FAE04EC0-301F-11D3-BF4B-00C04F79EFBC}") = "CardGame", "CardGame\CardGame.csproj", "{5BA0C52C-C97B-4E13-8399-F7602B99A8D8}"
EndProject
Project("{FAE04EC0-301F-11D3-BF4B-00C04F79EFBC}") = "CardGameTest", "CardGameTest\CardGameTest.csproj", "{3585CCD5-12B5-4A66-B091-EBB58251C6B2}"
EndProject
Global
	GlobalSection(SolutionConfigurationPlatforms) = preSolution
		Debug|Any CPU = Debug|Any CPU
		Release|Any CPU = Release|Any CPU
	EndGlobalSection
	GlobalSection(ProjectConfigurationPlatforms) = postSolution
		{5BA0C52C-C97B-4E13-8399-F7602B99A8D8}.Debug|Any CPU.ActiveCfg = Debug|Any CPU
		{5BA0C52C-C97B-4E13-8399-F7602B99A8D8}.Debug|Any CPU.Build.0 = Debug|Any CPU
		{5BA0C52C-C97B-4E13-8399-F7602B99A8D8}.Release|Any CPU.ActiveCfg = Release|Any CPU
		{5BA0C52C-C97B-4E13-8399-F7602B99A8D8}.Release|Any CPU.Build.0 = Release|Any CPU
		{3585CCD5-12B5-4A66-B091-EBB58251C6B2}.Debug|Any CPU.ActiveCfg = Debug|Any CPU
		{3585CCD5-12B5-4A66-B091-EBB58251C6B2}.Debug|Any CPU.Build.0 = Debug|Any CPU
		{3585CCD5-12B5-4A66-B091-EBB58251C6B2}.Release|Any CPU.ActiveCfg = Release|Any CPU
		{3585CCD5-12B5-4A66-B091-EBB58251C6B2}.Release|Any CPU.Build.0 = Release|Any CPU
	EndGlobalSection
	GlobalSection(SolutionProperties) = preSolution
		HideSolutionNode = FALSE
	EndGlobalSection
EndGlobal
